
Microsoft Visual Studio Solution File, Format Version 12.00
# Visual Studio Version 16
VisualStudioVersion = 16.0.31005.135
MinimumVisualStudioVersion = 10.0.40219.1
Project("{9A19103F-16F7-4668-BE54-9A1E7A4F7556}") = "TetrisMechanics", "TetrisMechanics\TetrisMechanics.csproj", "{CED7573B-9849-4390-AF25-E342E2736704}"
EndProject
Project("{FAE04EC0-301F-11D3-BF4B-00C04F79EFBC}") = "TetrisWinForms", "TetrisWinForms\TetrisWinForms.csproj", "{B0F27B63-E90C-4FF6-9627-20438B192738}"
EndProject
Global
	GlobalSection(SolutionConfigurationPlatforms) = preSolution
		Debug|Any CPU = Debug|Any CPU
		Release|Any CPU = Release|Any CPU
	EndGlobalSection
	GlobalSection(ProjectConfigurationPlatforms) = postSolution
		{CED7573B-9849-4390-AF25-E342E2736704}.Debug|Any CPU.ActiveCfg = Debug|Any CPU
		{CED7573B-9849-4390-AF25-E342E2736704}.Debug|Any CPU.Build.0 = Debug|Any CPU
		{CED7573B-9849-4390-AF25-E342E2736704}.Release|Any CPU.ActiveCfg = Release|Any CPU
		{CED7573B-9849-4390-AF25-E342E2736704}.Release|Any CPU.Build.0 = Release|Any CPU
		{B0F27B63-E90C-4FF6-9627-20438B192738}.Debug|Any CPU.ActiveCfg = Debug|Any CPU
		{B0F27B63-E90C-4FF6-9627-20438B192738}.Debug|Any CPU.Build.0 = Debug|Any CPU
		{B0F27B63-E90C-4FF6-9627-20438B192738}.Release|Any CPU.ActiveCfg = Release|Any CPU
		{B0F27B63-E90C-4FF6-9627-20438B192738}.Release|Any CPU.Build.0 = Release|Any CPU
	EndGlobalSection
	GlobalSection(SolutionProperties) = preSolution
		HideSolutionNode = FALSE
	EndGlobalSection
	GlobalSection(ExtensibilityGlobals) = postSolution
		SolutionGuid = {55C38461-9B14-40F5-94F4-FC00E8891217}
	EndGlobalSection
EndGlobal
